
Microsoft Visual Studio Solution File, Format Version 12.00
# Visual Studio 14
VisualStudioVersion = 14.0.25420.1
MinimumVisualStudioVersion = 10.0.40219.1
Project("{FAE04EC0-301F-11D3-BF4B-00C04F79EFBC}") = "Engine.Common", "Engine.Common\Engine.Common.csproj", "{C3E9DD6E-3807-4290-A857-A4E9D47CF7E1}"
EndProject
Project("{FAE04EC0-301F-11D3-BF4B-00C04F79EFBC}") = "Engine.Core", "Engine.Core\Engine.Core.csproj", "{DC88053B-F802-47E1-9BE4-A7E9F795858D}"
EndProject
Project("{FAE04EC0-301F-11D3-BF4B-00C04F79EFBC}") = "Engine.Core.Tests", "Engine.Core.Tests\Engine.Core.Tests.csproj", "{03C358F3-AF0A-4CBC-AD95-36BC4D4F2B8F}"
EndProject
Project("{FAE04EC0-301F-11D3-BF4B-00C04F79EFBC}") = "Engine.Newtonsoft.Json.Tests", "Engine.Newtonsoft.Json.Tests\Engine.Newtonsoft.Json.Tests.csproj", "{6116C853-CAF1-4FC4-BE27-F02661CD374E}"
EndProject
Project("{FAE04EC0-301F-11D3-BF4B-00C04F79EFBC}") = "Engine.Serialization", "Engine.Serialization\Engine.Serialization.csproj", "{6719CEEE-EA1D-48CC-A301-89A0E47BC3AD}"
EndProject
Project("{FAE04EC0-301F-11D3-BF4B-00C04F79EFBC}") = "Engine.Serialization.Tests", "Engine.Serialization.Tests\Engine.Serialization.Tests.csproj", "{14C24EA9-DD64-4739-910B-7E0A91A5E84F}"
EndProject
Project("{FAE04EC0-301F-11D3-BF4B-00C04F79EFBC}") = "Engine.Systems", "Engine.Systems\Engine.Systems.csproj", "{C0A56319-4423-4722-B068-E9165E2C4246}"
EndProject
Project("{D954291E-2A0B-460D-934E-DC6B0785DB48}") = "Newtonsoft.Json.Shared", "Newtonsoft.Json\Src\Newtonsoft.Json\Newtonsoft.Json.Shared.shproj", "{1AC37270-0ADC-43F6-9FC8-6FEB96686356}"
EndProject
Project("{FAE04EC0-301F-11D3-BF4B-00C04F79EFBC}") = "Engine.Newtonsoft.Json", "Engine.Newtonsoft.Json\Engine.Newtonsoft.Json.csproj", "{7F39C40C-9ACD-42B1-AE6F-470A759E98CE}"
EndProject
Global
	GlobalSection(SharedMSBuildProjectFiles) = preSolution
		Newtonsoft.Json\Src\Newtonsoft.Json\Newtonsoft.Json.Shared.projitems*{1ac37270-0adc-43f6-9fc8-6feb96686356}*SharedItemsImports = 13
		Newtonsoft.Json\Src\Newtonsoft.Json\Newtonsoft.Json.Shared.projitems*{7f39c40c-9acd-42b1-ae6f-470a759e98ce}*SharedItemsImports = 4
	EndGlobalSection
	GlobalSection(SolutionConfigurationPlatforms) = preSolution
		Debug|Any CPU = Debug|Any CPU
		Release|Any CPU = Release|Any CPU
	EndGlobalSection
	GlobalSection(ProjectConfigurationPlatforms) = postSolution
		{C3E9DD6E-3807-4290-A857-A4E9D47CF7E1}.Debug|Any CPU.ActiveCfg = Debug|Any CPU
		{C3E9DD6E-3807-4290-A857-A4E9D47CF7E1}.Debug|Any CPU.Build.0 = Debug|Any CPU
		{C3E9DD6E-3807-4290-A857-A4E9D47CF7E1}.Release|Any CPU.ActiveCfg = Release|Any CPU
		{C3E9DD6E-3807-4290-A857-A4E9D47CF7E1}.Release|Any CPU.Build.0 = Release|Any CPU
		{DC88053B-F802-47E1-9BE4-A7E9F795858D}.Debug|Any CPU.ActiveCfg = Debug|Any CPU
		{DC88053B-F802-47E1-9BE4-A7E9F795858D}.Debug|Any CPU.Build.0 = Debug|Any CPU
		{DC88053B-F802-47E1-9BE4-A7E9F795858D}.Release|Any CPU.ActiveCfg = Release|Any CPU
		{DC88053B-F802-47E1-9BE4-A7E9F795858D}.Release|Any CPU.Build.0 = Release|Any CPU
		{03C358F3-AF0A-4CBC-AD95-36BC4D4F2B8F}.Debug|Any CPU.ActiveCfg = Debug|Any CPU
		{03C358F3-AF0A-4CBC-AD95-36BC4D4F2B8F}.Debug|Any CPU.Build.0 = Debug|Any CPU
		{03C358F3-AF0A-4CBC-AD95-36BC4D4F2B8F}.Release|Any CPU.ActiveCfg = Release|Any CPU
		{03C358F3-AF0A-4CBC-AD95-36BC4D4F2B8F}.Release|Any CPU.Build.0 = Release|Any CPU
		{6116C853-CAF1-4FC4-BE27-F02661CD374E}.Debug|Any CPU.ActiveCfg = Debug|Any CPU
		{6116C853-CAF1-4FC4-BE27-F02661CD374E}.Debug|Any CPU.Build.0 = Debug|Any CPU
		{6116C853-CAF1-4FC4-BE27-F02661CD374E}.Release|Any CPU.ActiveCfg = Release|Any CPU
		{6116C853-CAF1-4FC4-BE27-F02661CD374E}.Release|Any CPU.Build.0 = Release|Any CPU
		{6719CEEE-EA1D-48CC-A301-89A0E47BC3AD}.Debug|Any CPU.ActiveCfg = Debug|Any CPU
		{6719CEEE-EA1D-48CC-A301-89A0E47BC3AD}.Debug|Any CPU.Build.0 = Debug|Any CPU
		{6719CEEE-EA1D-48CC-A301-89A0E47BC3AD}.Release|Any CPU.ActiveCfg = Release|Any CPU
		{6719CEEE-EA1D-48CC-A301-89A0E47BC3AD}.Release|Any CPU.Build.0 = Release|Any CPU
		{14C24EA9-DD64-4739-910B-7E0A91A5E84F}.Debug|Any CPU.ActiveCfg = Debug|Any CPU
		{14C24EA9-DD64-4739-910B-7E0A91A5E84F}.Debug|Any CPU.Build.0 = Debug|Any CPU
		{14C24EA9-DD64-4739-910B-7E0A91A5E84F}.Release|Any CPU.ActiveCfg = Release|Any CPU
		{14C24EA9-DD64-4739-910B-7E0A91A5E84F}.Release|Any CPU.Build.0 = Release|Any CPU
		{C0A56319-4423-4722-B068-E9165E2C4246}.Debug|Any CPU.ActiveCfg = Debug|Any CPU
		{C0A56319-4423-4722-B068-E9165E2C4246}.Debug|Any CPU.Build.0 = Debug|Any CPU
		{C0A56319-4423-4722-B068-E9165E2C4246}.Release|Any CPU.ActiveCfg = Release|Any CPU
		{C0A56319-4423-4722-B068-E9165E2C4246}.Release|Any CPU.Build.0 = Release|Any CPU
		{7F39C40C-9ACD-42B1-AE6F-470A759E98CE}.Debug|Any CPU.ActiveCfg = Debug|Any CPU
		{7F39C40C-9ACD-42B1-AE6F-470A759E98CE}.Debug|Any CPU.Build.0 = Debug|Any CPU
		{7F39C40C-9ACD-42B1-AE6F-470A759E98CE}.Release|Any CPU.ActiveCfg = Release|Any CPU
		{7F39C40C-9ACD-42B1-AE6F-470A759E98CE}.Release|Any CPU.Build.0 = Release|Any CPU
	EndGlobalSection
	GlobalSection(SolutionProperties) = preSolution
		HideSolutionNode = FALSE
	EndGlobalSection
EndGlobal
